
Microsoft Visual Studio Solution File, Format Version 12.00
# Visual Studio Version 17
VisualStudioVersion = 17.8.34330.188
MinimumVisualStudioVersion = 10.0.40219.1
Project("{9A19103F-16F7-4668-BE54-9A1E7A4F7556}") = "Ecommerce.API", "Ecommerce.API\Ecommerce.API.csproj", "{884F26B5-29CD-4C66-BB34-E90C24E56DE0}"
EndProject
Project("{9A19103F-16F7-4668-BE54-9A1E7A4F7556}") = "Ecommerce.BLayer", "Ecommerce.BLayer\Ecommerce.BLayer.csproj", "{3D9C1C66-FDD8-4360-BBAE-898115501571}"
EndProject
Global
	GlobalSection(SolutionConfigurationPlatforms) = preSolution
		Debug|Any CPU = Debug|Any CPU
		Release|Any CPU = Release|Any CPU
	EndGlobalSection
	GlobalSection(ProjectConfigurationPlatforms) = postSolution
		{884F26B5-29CD-4C66-BB34-E90C24E56DE0}.Debug|Any CPU.ActiveCfg = Debug|Any CPU
		{884F26B5-29CD-4C66-BB34-E90C24E56DE0}.Debug|Any CPU.Build.0 = Debug|Any CPU
		{884F26B5-29CD-4C66-BB34-E90C24E56DE0}.Release|Any CPU.ActiveCfg = Release|Any CPU
		{884F26B5-29CD-4C66-BB34-E90C24E56DE0}.Release|Any CPU.Build.0 = Release|Any CPU
		{3D9C1C66-FDD8-4360-BBAE-898115501571}.Debug|Any CPU.ActiveCfg = Debug|Any CPU
		{3D9C1C66-FDD8-4360-BBAE-898115501571}.Debug|Any CPU.Build.0 = Debug|Any CPU
		{3D9C1C66-FDD8-4360-BBAE-898115501571}.Release|Any CPU.ActiveCfg = Release|Any CPU
		{3D9C1C66-FDD8-4360-BBAE-898115501571}.Release|Any CPU.Build.0 = Release|Any CPU
	EndGlobalSection
	GlobalSection(SolutionProperties) = preSolution
		HideSolutionNode = FALSE
	EndGlobalSection
	GlobalSection(ExtensibilityGlobals) = postSolution
		SolutionGuid = {361AE1D1-D0FD-4C6B-9382-3D5666DCD994}
	EndGlobalSection
EndGlobal
